lockfileVersion: '9.0'

settings:
  autoInstallPeers: true
  excludeLinksFromLockfile: false

importers:

  .:
    devDependencies:
      '@biomejs/biome':
        specifier: 2.4.7
        version: 2.4.7
      '@types/node':
        specifier: ^25.5.0
        version: 25.5.0
      '@vibe-games-bridge/config':
        specifier: workspace:*
        version: link:packages/config
      turbo:
        specifier: ^2.8.17
        version: 2.8.17
      typescript:
        specifier: ~5.9.3
        version: 5.9.3

  packages/config: {}

  packages/host:
    dependencies:
      '@vibe-games-bridge/protocol':
        specifier: workspace:*
        version: link:../protocol
    devDependencies:
      '@vibe-games-bridge/config':
        specifier: workspace:*
        version: link:../config
      typescript:
        specifier: ~5.9.3
        version: 5.9.3

  packages/protocol:
    dependencies:
      zod:
        specifier: ^4.3.6
        version: 4.3.6
    devDependencies:
      '@vibe-games-bridge/config':
        specifier: workspace:*
        version: link:../config
      typescript:
        specifier: ~5.9.3
        version: 5.9.3

  packages/vscode:
    devDependencies:
      '@vibe-games-bridge/config':
        specifier: workspace:*
        version: link:../config
      typescript:
        specifier: ~5.9.3
        version: 5.9.3

packages:

  '@biomejs/biome@2.4.7':
    resolution: {integrity: sha512-vXrgcmNGZ4lpdwZSpMf1hWw1aWS6B+SyeSYKTLrNsiUsAdSRN0J4d/7mF3ogJFbIwFFSOL3wT92Zzxia/d5/ng==}
    engines: {node: '>=14.21.3'}
    hasBin: true

  '@biomejs/cli-darwin-arm64@2.4.7':
    resolution: {integrity: sha512-Oo0cF5mHzmvDmTXw8XSjhCia8K6YrZnk7aCS54+/HxyMdZMruMO3nfpDsrlar/EQWe41r1qrwKiCa2QDYHDzWA==}
    engines: {node: '>=14.21.3'}
    cpu: [arm64]
    os: [darwin]

  '@biomejs/cli-darwin-x64@2.4.7':
    resolution: {integrity: sha512-I+cOG3sd/7HdFtvDSnF9QQPrWguUH7zrkIMMykM3PtfWU9soTcS2yRb9Myq6MHmzbeCT08D1UmY+BaiMl5CcoQ==}
    engines: {node: '>=14.21.3'}
    cpu: [x64]
    os: [darwin]

  '@biomejs/cli-linux-arm64-musl@2.4.7':
    resolution: {integrity: sha512-I2NvM9KPb09jWml93O2/5WMfNR7Lee5Latag1JThDRMURVhPX74p9UDnyTw3Ae6cE1DgXfw7sqQgX7rkvpc0vw==}
    engines: {node: '>=14.21.3'}
    cpu: [arm64]
    os: [linux]

  '@biomejs/cli-linux-arm64@2.4.7':
    resolution: {integrity: sha512-om6FugwmibzfP/6ALj5WRDVSND4H2G9X0nkI1HZpp2ySf9lW2j0X68oQSaHEnls6666oy4KDsc5RFjT4m0kV0w==}
    engines: {node: '>=14.21.3'}
    cpu: [arm64]
    os: [linux]

  '@biomejs/cli-linux-x64-musl@2.4.7':
    resolution: {integrity: sha512-00kx4YrBMU8374zd2wHuRV5wseh0rom5HqRND+vDldJPrWwQw+mzd/d8byI9hPx926CG+vWzq6AeiT7Yi5y59g==}
    engines: {node: '>=14.21.3'}
    cpu: [x64]
    os: [linux]

  '@biomejs/cli-linux-x64@2.4.7':
    resolution: {integrity: sha512-bV8/uo2Tj+gumnk4sUdkerWyCPRabaZdv88IpbmDWARQQoA/Q0YaqPz1a+LSEDIL7OfrnPi9Hq1Llz4ZIGyIQQ==}
    engines: {node: '>=14.21.3'}
    cpu: [x64]
    os: [linux]

  '@biomejs/cli-win32-arm64@2.4.7':
    resolution: {integrity: sha512-hOUHBMlFCvDhu3WCq6vaBoG0dp0LkWxSEnEEsxxXvOa9TfT6ZBnbh72A/xBM7CBYB7WgwqboetzFEVDnMxelyw==}
    engines: {node: '>=14.21.3'}
    cpu: [arm64]
    os: [win32]

  '@biomejs/cli-win32-x64@2.4.7':
    resolution: {integrity: sha512-qEpGjSkPC3qX4ycbMUthXvi9CkRq7kZpkqMY1OyhmYlYLnANnooDQ7hDerM8+0NJ+DZKVnsIc07h30XOpt7LtQ==}
    engines: {node: '>=14.21.3'}
    cpu: [x64]
    os: [win32]

  '@types/node@25.5.0':
    resolution: {integrity: sha512-jp2P3tQMSxWugkCUKLRPVUpGaL5MVFwF8RDuSRztfwgN1wmqJeMSbKlnEtQqU8UrhTmzEmZdu2I6v2dpp7XIxw==}

  turbo-darwin-64@2.8.17:
    resolution: {integrity: sha512-ZFkv2hv7zHpAPEXBF6ouRRXshllOavYc+jjcrYyVHvxVTTwJWsBZwJ/gpPzmOKGvkSjsEyDO5V6aqqtZzwVF+Q==}
    cpu: [x64]
    os: [darwin]

  turbo-darwin-arm64@2.8.17:
    resolution: {integrity: sha512-5DXqhQUt24ycEryXDfMNKEkW5TBHs+QmU23a2qxXwwFDaJsWcPo2obEhBxxdEPOv7qmotjad+09RGeWCcJ9JDw==}
    cpu: [arm64]
    os: [darwin]

  turbo-linux-64@2.8.17:
    resolution: {integrity: sha512-KLUbz6w7F73D/Ihh51hVagrKR0/CTsPEbRkvXLXvoND014XJ4BCrQUqSxlQ4/hu+nqp1v5WlM85/h3ldeyujuA==}
    cpu: [x64]
    os: [linux]

  turbo-linux-arm64@2.8.17:
    resolution: {integrity: sha512-pJK67XcNJH40lTAjFu7s/rUlobgVXyB3A3lDoq+/JccB3hf+SysmkpR4Itlc93s8LEaFAI4mamhFuTV17Z6wOg==}
    cpu: [arm64]
    os: [linux]

  turbo-windows-64@2.8.17:
    resolution: {integrity: sha512-EijeQ6zszDMmGZLP2vT2RXTs/GVi9rM0zv2/G4rNu2SSRSGFapgZdxgW4b5zUYLVaSkzmkpWlGfPfj76SW9yUg==}
    cpu: [x64]
    os: [win32]

  turbo-windows-arm64@2.8.17:
    resolution: {integrity: sha512-crpfeMPkfECd4V1PQ/hMoiyVcOy04+bWedu/if89S15WhOalHZ2BYUi6DOJhZrszY+mTT99OwpOsj4wNfb/GHQ==}
    cpu: [arm64]
    os: [win32]

  turbo@2.8.17:
    resolution: {integrity: sha512-YwPsNSqU2f/RXU/+Kcb7cPkPZARxom4+me7LKEdN5jsvy2tpfze3zDZ4EiGrJnvOm9Avu9rK0aaYsP7qZ3iz7A==}
    hasBin: true

  typescript@5.9.3:
    resolution: {integrity: sha512-jl1vZzPDinLr9eUt3J/t7V6FgNEw9QjvBPdysz9KfQDD41fQrC2Y4vKQdiaUpFT4bXlb1RHhLpp8wtm6M5TgSw==}
    engines: {node: '>=14.17'}
    hasBin: true

  undici-types@7.18.2:
    resolution: {integrity: sha512-AsuCzffGHJybSaRrmr5eHr81mwJU3kjw6M+uprWvCXiNeN9SOGwQ3Jn8jb8m3Z6izVgknn1R0FTCEAP2QrLY/w==}

  zod@4.3.6:
    resolution: {integrity: sha512-rftlrkhHZOcjDwkGlnUtZZkvaPHCsDATp4pGpuOOMDaTdDDXF91wuVDJoWoPsKX/3YPQ5fHuF3STjcYyKr+Qhg==}

snapshots:

  '@biomejs/biome@2.4.7':
    optionalDependencies:
      '@biomejs/cli-darwin-arm64': 2.4.7
      '@biomejs/cli-darwin-x64': 2.4.7
      '@biomejs/cli-linux-arm64': 2.4.7
      '@biomejs/cli-linux-arm64-musl': 2.4.7
      '@biomejs/cli-linux-x64': 2.4.7
      '@biomejs/cli-linux-x64-musl': 2.4.7
      '@biomejs/cli-win32-arm64': 2.4.7
      '@biomejs/cli-win32-x64': 2.4.7

  '@biomejs/cli-darwin-arm64@2.4.7':
    optional: true

  '@biomejs/cli-darwin-x64@2.4.7':
    optional: true

  '@biomejs/cli-linux-arm64-musl@2.4.7':
    optional: true

  '@biomejs/cli-linux-arm64@2.4.7':
    optional: true

  '@biomejs/cli-linux-x64-musl@2.4.7':
    optional: true

  '@biomejs/cli-linux-x64@2.4.7':
    optional: true

  '@biomejs/cli-win32-arm64@2.4.7':
    optional: true

  '@biomejs/cli-win32-x64@2.4.7':
    optional: true

  '@types/node@25.5.0':
    dependencies:
      undici-types: 7.18.2

  turbo-darwin-64@2.8.17:
    optional: true

  turbo-darwin-arm64@2.8.17:
    optional: true

  turbo-linux-64@2.8.17:
    optional: true

  turbo-linux-arm64@2.8.17:
    optional: true

  turbo-windows-64@2.8.17:
    optional: true

  turbo-windows-arm64@2.8.17:
    optional: true

  turbo@2.8.17:
    optionalDependencies:
      turbo-darwin-64: 2.8.17
      turbo-darwin-arm64: 2.8.17
      turbo-linux-64: 2.8.17
      turbo-linux-arm64: 2.8.17
      turbo-windows-64: 2.8.17
      turbo-windows-arm64: 2.8.17

  typescript@5.9.3: {}

  undici-types@7.18.2: {}

  zod@4.3.6: {}
